
Microsoft Visual Studio Solution File, Format Version 12.00
# Visual Studio Version 17
VisualStudioVersion = 17.13.35806.99 d17.13
MinimumVisualStudioVersion = 10.0.40219.1
Project("{FAE04EC0-301F-11D3-BF4B-00C04F79EFBC}") = "Simple Inventory Management System", "Simple Inventory Management System.csproj", "{A7A078D8-E105-4120-BCD7-A574BC53DBEB}"
EndProject
Global
	GlobalSection(SolutionConfigurationPlatforms) = preSolution
		Debug|Any CPU = Debug|Any CPU
		Release|Any CPU = Release|Any CPU
	EndGlobalSection
	GlobalSection(ProjectConfigurationPlatforms) = postSolution
		{A7A078D8-E105-4120-BCD7-A574BC53DBEB}.Debug|Any CPU.ActiveCfg = Debug|Any CPU
		{A7A078D8-E105-4120-BCD7-A574BC53DBEB}.Debug|Any CPU.Build.0 = Debug|Any CPU
		{A7A078D8-E105-4120-BCD7-A574BC53DBEB}.Release|Any CPU.ActiveCfg = Release|Any CPU
		{A7A078D8-E105-4120-BCD7-A574BC53DBEB}.Release|Any CPU.Build.0 = Release|Any CPU
	EndGlobalSection
	GlobalSection(SolutionProperties) = preSolution
		HideSolutionNode = FALSE
	EndGlobalSection
	GlobalSection(ExtensibilityGlobals) = postSolution
		SolutionGuid = {05EFD889-665A-49A3-BCBD-CE99C3278CA2}
	EndGlobalSection
EndGlobal
